{
  "version": "4",
  "specifiers": {
    "jsr:@db/sqlite@0.12": "0.12.0",
    "jsr:@denosaurs/plug@1": "1.0.6",
    "jsr:@hono/hono@^4.6.16": "4.6.16",
    "jsr:@std/assert@*": "0.221.0",
    "jsr:@std/assert@0.217": "0.217.0",
    "jsr:@std/assert@0.221": "0.221.0",
    "jsr:@std/assert@^1.0.10": "1.0.10",
    "jsr:@std/encoding@0.221": "0.221.0",
    "jsr:@std/fmt@0.221": "0.221.0",
    "jsr:@std/fs@0.221": "0.221.0",
    "jsr:@std/internal@^1.0.5": "1.0.5",
    "jsr:@std/path@0.217": "0.217.0",
    "jsr:@std/path@0.221": "0.221.0",
    "npm:@atproto-labs/simple-store@~0.1.1": "0.1.1",
    "npm:@atproto/api@~0.13.26": "0.13.26",
    "npm:@atproto/common@~0.4.6": "0.4.6",
    "npm:@atproto/identity@~0.4.5": "0.4.5",
    "npm:@atproto/jwk@~0.1.1": "0.1.1",
    "npm:@atproto/oauth-client@~0.3.6": "0.3.6",
    "npm:@atproto/sync@~0.1.9": "0.1.9",
    "npm:@skyware/jetstream@~0.2.2": "0.2.2",
    "npm:@types/node@*": "22.5.4",
    "npm:iron-session@^8.0.4": "8.0.4"
  },
  "jsr": {
    "@db/sqlite@0.12.0": {
      "integrity": "dd1ef7f621ad50fc1e073a1c3609c4470bd51edc0994139c5bf9851de7a6d85f",
      "dependencies": [
        "jsr:@denosaurs/plug",
        "jsr:@std/path@0.217"
      ]
    },
    "@denosaurs/plug@1.0.6": {
      "integrity": "6cf5b9daba7799837b9ffbe89f3450510f588fafef8115ddab1ff0be9cb7c1a7",
      "dependencies": [
        "jsr:@std/encoding",
        "jsr:@std/fmt",
        "jsr:@std/fs",
        "jsr:@std/path@0.221"
      ]
    },
    "@hono/hono@4.6.16": {
      "integrity": "b540c6b1352d73142895f7bb6bfd0b6cc514ede61c12940338c4ae5dd06cb326"
    },
    "@std/assert@0.217.0": {
      "integrity": "c98e279362ca6982d5285c3b89517b757c1e3477ee9f14eb2fdf80a45aaa9642"
    },
    "@std/assert@0.221.0": {
      "integrity": "a5f1aa6e7909dbea271754fd4ab3f4e687aeff4873b4cef9a320af813adb489a",
      "dependencies": [
        "jsr:@std/fmt"
      ]
    },
    "@std/assert@1.0.10": {
      "integrity": "59b5cbac5bd55459a19045d95cc7c2ff787b4f8527c0dd195078ff6f9481fbb3",
      "dependencies": [
        "jsr:@std/internal"
      ]
    },
    "@std/encoding@0.221.0": {
      "integrity": "d1dd76ef0dc5d14088411e6dc1dede53bf8308c95d1537df1214c97137208e45"
    },
    "@std/fmt@0.221.0": {
      "integrity": "379fed69bdd9731110f26b9085aeb740606b20428ce6af31ef6bd45ef8efa62a"
    },
    "@std/fs@0.221.0": {
      "integrity": "028044450299de8ed5a716ade4e6d524399f035513b85913794f4e81f07da286",
      "dependencies": [
        "jsr:@std/assert@0.221",
        "jsr:@std/path@0.221"
      ]
    },
    "@std/internal@1.0.5": {
      "integrity": "54a546004f769c1ac9e025abd15a76b6671ddc9687e2313b67376125650dc7ba"
    },
    "@std/path@0.217.0": {
      "integrity": "1217cc25534bca9a2f672d7fe7c6f356e4027df400c0e85c0ef3e4343bc67d11",
      "dependencies": [
        "jsr:@std/assert@0.217"
      ]
    },
    "@std/path@0.221.0": {
      "integrity": "0a36f6b17314ef653a3a1649740cc8db51b25a133ecfe838f20b79a56ebe0095",
      "dependencies": [
        "jsr:@std/assert@0.221"
      ]
    }
  },
  "npm": {
    "@atcute/bluesky@1.0.11_@atcute+client@2.0.6": {
      "integrity": "sha512-j4wLJIzKWh0gmQZ7s5svhEVRThlzqyfstbM0qM/H1Y+ZIQESx5HtVu+390zAWzZoEKZYSyTM9+ctY39OiEGDQw==",
      "dependencies": [
        "@atcute/client"
      ]
    },
    "@atcute/client@2.0.6": {
      "integrity": "sha512-mhdqEicGUx0s5HTFOLpz91rcLS9j/g63de0nmAqv7blhU3j+xBf4le54qr2YIXNfnReZI7EwLYLX/YIBez4LGA=="
    },
    "@atproto-labs/did-resolver@0.1.7": {
      "integrity": "sha512-Lz0TszcVBLdmRoKD6ldT5/0gaYiXbakd/Rxewpb4h4BQQlwUvmFJaDxb2a2S8ZYbCuPxR5CzSxIS4Y6wI8hAjQ==",
      "dependencies": [
        "@atproto-labs/fetch",
        "@atproto-labs/pipe",
        "@atproto-labs/simple-store",
        "@atproto-labs/simple-store-memory",
        "@atproto/did",
        "zod"
      ]
    },
    "@atproto-labs/fetch@0.1.2": {
      "integrity": "sha512-7mQQIRtVenqtdBQKCqoLjyAhPS2aA56EGEjyz5zB3sramM3qkrvzyusr55GAzGDS0tvB6cy9cDEtSLmfK7LUnA==",
      "dependencies": [
        "@atproto-labs/pipe",
        "zod"
      ]
    },
    "@atproto-labs/handle-resolver@0.1.5": {
      "integrity": "sha512-3Uv5DUswmiUWn0oO3XML7T6RiM8aq+A4lACBRRasegsr6fytxATJE38UiwDmDRWdXxhftnPlmTWfJ2oZ/pqDWQ==",
      "dependencies": [
        "@atproto-labs/simple-store",
        "@atproto-labs/simple-store-memory",
        "@atproto/did",
        "zod"
      ]
    },
    "@atproto-labs/identity-resolver@0.1.9": {
      "integrity": "sha512-jqFu9Wjj4ZpaF8ouSf1OAJSt8oqLSDNSR5t4VNq+z0DK0sMiAkyJ6b4YAmjyXGs2HIU54a9Q65ezcW6y7ieNHQ==",
      "dependencies": [
        "@atproto-labs/did-resolver",
        "@atproto-labs/handle-resolver",
        "@atproto/syntax"
      ]
    },
    "@atproto-labs/pipe@0.1.0": {
      "integrity": "sha512-ghOqHFyJlQVFPESzlVHjKroP0tPzbmG5Jms0dNI9yLDEfL8xp4OFPWLX4f6T8mRq69wWs4nIDM3sSsFbFqLa1w=="
    },
    "@atproto-labs/simple-store-memory@0.1.1": {
      "integrity": "sha512-PCRqhnZ8NBNBvLku53O56T0lsVOtclfIrQU/rwLCc4+p45/SBPrRYNBi6YFq5rxZbK6Njos9MCmILV/KLQxrWA==",
      "dependencies": [
        "@atproto-labs/simple-store",
        "lru-cache"
      ]
    },
    "@atproto-labs/simple-store@0.1.1": {
      "integrity": "sha512-WKILW2b3QbAYKh+w5U2x6p5FqqLl0nAeLwGeDY+KjX01K4Dq3vQTR9b/qNp0jZm48CabPQVrqCv0PPU9LgRRRg=="
    },
    "@atproto/api@0.13.26": {
      "integrity": "sha512-W3zsgCdEuyvP2Qj3Np858kwjv5/pAd/pX3Z5HtLKIYt8uQottAZkuH+2dV+WRovgxHekyCyFJK07NuD4TQ9WMQ==",
      "dependencies": [
        "@atproto/common-web",
        "@atproto/lexicon",
        "@atproto/syntax",
        "@atproto/xrpc",
        "await-lock",
        "multiformats",
        "tlds",
        "zod"
      ]
    },
    "@atproto/common-web@0.3.2": {
      "integrity": "sha512-Vx0JtL1/CssJbFAb0UOdvTrkbUautsDfHNOXNTcX2vyPIxH9xOameSqLLunM1hZnOQbJwyjmQCt6TV+bhnanDg==",
      "dependencies": [
        "graphemer",
        "multiformats",
        "uint8arrays",
        "zod"
      ]
    },
    "@atproto/common@0.4.6": {
      "integrity": "sha512-X33ZubLPrHLNur2Ln4tRP5TY0G0u/t9DyAeA5dgtTNGIXE3iJIlfiUSR0PW5s1iAvBbrrJK4BwaA2Pqsdl+RNw==",
      "dependencies": [
        "@atproto/common-web",
        "@ipld/dag-cbor",
        "cbor-x",
        "iso-datestring-validator",
        "multiformats",
        "pino"
      ]
    },
    "@atproto/crypto@0.4.3": {
      "integrity": "sha512-YSSUAvkx+ldpXw97NXZWfLx/prgh5YJ2K0BCw51JCJmXSRp6KhhwvOm4J+K/s5hwpssyuDCVTXknyS4PHwaK5g==",
      "dependencies": [
        "@noble/curves",
        "@noble/hashes",
        "uint8arrays"
      ]
    },
    "@atproto/did@0.1.3": {
      "integrity": "sha512-ULD8Gw/KRRwLFZ2Z2L4DjmdOMrg8IYYlcjdSc+GQ2/QJSVnD2zaJJVTLd3vls121wGt/583rNaiZTT2DpBze4w==",
      "dependencies": [
        "zod"
      ]
    },
    "@atproto/identity@0.4.5": {
      "integrity": "sha512-IyW6wk+qfX+z/LmBdjatJgjSJWDTJLSCT/6yQUD/L0mkOjRdxiG7DoYIChaF3xHOPKiIuOGu/fuzhBMxVVcCcw==",
      "dependencies": [
        "@atproto/common-web",
        "@atproto/crypto"
      ]
    },
    "@atproto/jwk@0.1.1": {
      "integrity": "sha512-6h/bj1APUk7QcV9t/oA6+9DB5NZx9SZru9x+/pV5oHFI9Xz4ZuM5+dq1PfsJV54pZyqdnZ6W6M717cxoC7q7og==",
      "dependencies": [
        "multiformats",
        "zod"
      ]
    },
    "@atproto/lexicon@0.4.5": {
      "integrity": "sha512-fljWqMGKn+XWtTprBcS3F1hGBREnQYh6qYHv2sjENucc7REms1gtmZXSerB9N6pVeHVNOnXiILdukeAcic5OEw==",
      "dependencies": [
        "@atproto/common-web",
        "@atproto/syntax",
        "iso-datestring-validator",
        "multiformats",
        "zod"
      ]
    },
    "@atproto/oauth-client@0.3.6": {
      "integrity": "sha512-kb4LTcEqhazidDQ552+FB/mQMgkHNsEhFOLgKIkr6jRvDIuKGhRVfJ4SIpgv26X+XsyHnNg2g/89XuaBZEv5HA==",
      "dependencies": [
        "@atproto-labs/did-resolver",
        "@atproto-labs/fetch",
        "@atproto-labs/handle-resolver",
        "@atproto-labs/identity-resolver",
        "@atproto-labs/simple-store",
        "@atproto-labs/simple-store-memory",
        "@atproto/did",
        "@atproto/jwk",
        "@atproto/oauth-types",
        "@atproto/xrpc",
        "multiformats",
        "zod"
      ]
    },
    "@atproto/oauth-types@0.2.1": {
      "integrity": "sha512-hDisUXzcq5KU1HMuCYZ8Kcz7BePl7V11bFjjgZvND3mdSphiyBpJ8MCNn3QzAa6cXpFo0w9PDcYMAlCCRZHdVw==",
      "dependencies": [
        "@atproto/jwk",
        "zod"
      ]
    },
    "@atproto/repo@0.6.2": {
      "integrity": "sha512-0YEWJ38Sj8SwhD8GGQ7Q6GDeZppsRae4JfNLQmtPgAddt5A4iNIK5HLdpGGlT+dC0/ElsEbQpY7mXLuP92Wbtw==",
      "dependencies": [
        "@atproto/common",
        "@atproto/common-web",
        "@atproto/crypto",
        "@atproto/lexicon",
        "@ipld/car",
        "@ipld/dag-cbor",
        "multiformats",
        "uint8arrays",
        "zod"
      ]
    },
    "@atproto/sync@0.1.9": {
      "integrity": "sha512-NcYddhcZ2WfnY8ZT5HmrFPjmMqU4GDYotPjJAVIVcwzLSKuqH4ismLTbvS1PfC4lqHMlQLlQSHidj442FBugPg==",
      "dependencies": [
        "@atproto/common",
        "@atproto/identity",
        "@atproto/lexicon",
        "@atproto/repo",
        "@atproto/syntax",
        "@atproto/xrpc-server",
        "multiformats",
        "p-queue",
        "ws"
      ]
    },
    "@atproto/syntax@0.3.1": {
      "integrity": "sha512-fzW0Mg1QUOVCWUD3RgEsDt6d1OZ6DdFmbKcDdbzUfh0t4rhtRAC05KbZYmxuMPWDAiJ4BbbQ5dkAc/mNypMXkw=="
    },
    "@atproto/xrpc-server@0.7.6": {
      "integrity": "sha512-PU/D6I+ZyfYKMVR6yvoPSsZDDxA6iBbUaIP/SYqAfK2ufmiKgG0sCEE09AiUA4RldDFJZF0GOF0B3o6lUm8yfg==",
      "dependencies": [
        "@atproto/common",
        "@atproto/crypto",
        "@atproto/lexicon",
        "@atproto/xrpc",
        "cbor-x",
        "express",
        "http-errors",
        "mime-types",
        "rate-limiter-flexible",
        "uint8arrays",
        "ws",
        "zod"
      ]
    },
    "@atproto/xrpc@0.6.6": {
      "integrity": "sha512-umXEYVMo9/pyIBoKmIAIi64RXDW9tSXY+wqztlQ6I2GZtjLfNZqmAWU+wADk3SxUe54mvjxxGyA4TtyGtDMfhA==",
      "dependencies": [
        "@atproto/lexicon",
        "zod"
      ]
    },
    "@cbor-extract/cbor-extract-darwin-arm64@2.2.0": {
      "integrity": "sha512-P7swiOAdF7aSi0H+tHtHtr6zrpF3aAq/W9FXx5HektRvLTM2O89xCyXF3pk7pLc7QpaY7AoaE8UowVf9QBdh3w=="
    },
    "@cbor-extract/cbor-extract-darwin-x64@2.2.0": {
      "integrity": "sha512-1liF6fgowph0JxBbYnAS7ZlqNYLf000Qnj4KjqPNW4GViKrEql2MgZnAsExhY9LSy8dnvA4C0qHEBgPrll0z0w=="
    },
    "@cbor-extract/cbor-extract-linux-arm64@2.2.0": {
      "integrity": "sha512-rQvhNmDuhjTVXSPFLolmQ47/ydGOFXtbR7+wgkSY0bdOxCFept1hvg59uiLPT2fVDuJFuEy16EImo5tE2x3RsQ=="
    },
    "@cbor-extract/cbor-extract-linux-arm@2.2.0": {
      "integrity": "sha512-QeBcBXk964zOytiedMPQNZr7sg0TNavZeuUCD6ON4vEOU/25+pLhNN6EDIKJ9VLTKaZ7K7EaAriyYQ1NQ05s/Q=="
    },
    "@cbor-extract/cbor-extract-linux-x64@2.2.0": {
      "integrity": "sha512-cWLAWtT3kNLHSvP4RKDzSTX9o0wvQEEAj4SKvhWuOVZxiDAeQazr9A+PSiRILK1VYMLeDml89ohxCnUNQNQNCw=="
    },
    "@cbor-extract/cbor-extract-win32-x64@2.2.0": {
      "integrity": "sha512-l2M+Z8DO2vbvADOBNLbbh9y5ST1RY5sqkWOg/58GkUPBYou/cuNZ68SGQ644f1CvZ8kcOxyZtw06+dxWHIoN/w=="
    },
    "@ipld/car@3.2.4": {
      "integrity": "sha512-rezKd+jk8AsTGOoJKqzfjLJ3WVft7NZNH95f0pfPbicROvzTyvHCNy567HzSUd6gRXZ9im29z5ZEv9Hw49jSYw==",
      "dependencies": [
        "@ipld/dag-cbor",
        "multiformats",
        "varint"
      ]
    },
    "@ipld/dag-cbor@7.0.3": {
      "integrity": "sha512-1VVh2huHsuohdXC1bGJNE8WR72slZ9XE2T3wbBBq31dm7ZBatmKLLxrB+XAqafxfRFjv08RZmj/W/ZqaM13AuA==",
      "dependencies": [
        "cborg",
        "multiformats"
      ]
    },
    "@noble/curves@1.8.0": {
      "integrity": "sha512-j84kjAbzEnQHaSIhRPUmB3/eVXu2k3dKPl2LOrR8fSOIL+89U+7lV117EWHtq/GHM3ReGHM46iRBdZfpc4HRUQ==",
      "dependencies": [
        "@noble/hashes"
      ]
    },
    "@noble/hashes@1.7.0": {
      "integrity": "sha512-HXydb0DgzTpDPwbVeDGCG1gIu7X6+AuU6Zl6av/E/KG8LMsvPntvq+w17CHRpKBmN6Ybdrt1eP3k4cj8DJa78w=="
    },
    "@skyware/jetstream@0.2.2": {
      "integrity": "sha512-d1MtWPTIFEciSzV8OClXZCJoz0DJ7aupt4EZSwpGAASYG0ZIPmZTt7RVJkoFzQyqRPHAMD7CvEwu0ut3MHX1og==",
      "dependencies": [
        "@atcute/bluesky",
        "partysocket"
      ]
    },
    "@types/node@22.5.4": {
      "integrity": "sha512-FDuKUJQm/ju9fT/SeX/6+gBzoPzlVCzfzmGkwKvRHQVxi4BntVbyIwf6a4Xn62mrvndLiml6z/UBXIdEVjQLXg==",
      "dependencies": [
        "undici-types"
      ]
    },
    "abort-controller@3.0.0": {
      "integrity": "sha512-h8lQ8tacZYnR3vNQTgibj+tODHI5/+l06Au2Pcriv/Gmet0eaj4TwWH41sO9wnHDiQsEj19q0drzdWdeAHtweg==",
      "dependencies": [
        "event-target-shim@5.0.1"
      ]
    },
    "accepts@1.3.8": {
      "integrity": "sha512-PYAthTa2m2VKxuvSD3DPC/Gy+U+sOA1LAuT8mkmRuvw+NACSaeXEQ+NHcVF7rONl6qcaxV3Uuemwawk+7+SJLw==",
      "dependencies": [
        "mime-types",
        "negotiator"
      ]
    },
    "array-flatten@1.1.1": {
      "integrity": "sha512-PCVAQswWemu6UdxsDFFX/+gVeYqKAod3D3UVm91jHwynguOwAvYPhx8nNlM++NqRcK6CxxpUafjmhIdKiHibqg=="
    },
    "atomic-sleep@1.0.0": {
      "integrity": "sha512-kNOjDqAh7px0XWNI+4QbzoiR/nTkHAWNud2uvnJquD1/x5a7EQZMJT0AczqK0Qn67oY/TTQ1LbUKajZpp3I9tQ=="
    },
    "await-lock@2.2.2": {
      "integrity": "sha512-aDczADvlvTGajTDjcjpJMqRkOF6Qdz3YbPZm/PyW6tKPkx2hlYBzxMhEywM/tU72HrVZjgl5VCdRuMlA7pZ8Gw=="
    },
    "base64-js@1.5.1": {
      "integrity": "sha512-AKpaYlHn8t4SVbOHCy+b5+KKgvR4vrsD8vbvrbiQJps7fKDTkjkDry6ji0rUJjC0kzbNePLwzxq8iypo41qeWA=="
    },
    "body-parser@1.20.3": {
      "integrity": "sha512-7rAxByjUMqQ3/bHJy7D6OGXvx/MMc4IqBn/X0fcM1QUcAItpZrBEYhWGem+tzXH90c+G01ypMcYJBO9Y30203g==",
      "dependencies": [
        "bytes",
        "content-type",
        "debug",
        "depd",
        "destroy",
        "http-errors",
        "iconv-lite",
        "on-finished",
        "qs",
        "raw-body",
        "type-is",
        "unpipe"
      ]
    },
    "buffer@6.0.3": {
      "integrity": "sha512-FTiCpNxtwiZZHEZbcbTIcZjERVICn9yq/pDFkTl95/AxzD1naBctN7YO68riM/gLSDY7sdrMby8hofADYuuqOA==",
      "dependencies": [
        "base64-js",
        "ieee754"
      ]
    },
    "bytes@3.1.2": {
      "integrity": "sha512-/Nf7TyzTx6S3yRJObOAV7956r8cr2+Oj8AC5dt8wSP3BQAoeX58NoHyCU8P8zGkNXStjTSi6fzO6F0pBdcYbEg=="
    },
    "call-bind-apply-helpers@1.0.1": {
      "integrity": "sha512-BhYE+WDaywFg2TBWYNXAE+8B1ATnThNBqXHP5nQu0jWJdVvY2hvkpyB3qOmtmDePiS5/BDQ8wASEWGMWRG148g==",
      "dependencies": [
        "es-errors",
        "function-bind"
      ]
    },
    "call-bound@1.0.3": {
      "integrity": "sha512-YTd+6wGlNlPxSuri7Y6X8tY2dmm12UMH66RpKMhiX6rsk5wXXnYgbUcOt8kiS31/AjfoTOvCsE+w8nZQLQnzHA==",
      "dependencies": [
        "call-bind-apply-helpers",
        "get-intrinsic"
      ]
    },
    "cbor-extract@2.2.0": {
      "integrity": "sha512-Ig1zM66BjLfTXpNgKpvBePq271BPOvu8MR0Jl080yG7Jsl+wAZunfrwiwA+9ruzm/WEdIV5QF/bjDZTqyAIVHA==",
      "dependencies": [
        "@cbor-extract/cbor-extract-darwin-arm64",
        "@cbor-extract/cbor-extract-darwin-x64",
        "@cbor-extract/cbor-extract-linux-arm",
        "@cbor-extract/cbor-extract-linux-arm64",
        "@cbor-extract/cbor-extract-linux-x64",
        "@cbor-extract/cbor-extract-win32-x64",
        "node-gyp-build-optional-packages"
      ]
    },
    "cbor-x@1.6.0": {
      "integrity": "sha512-0kareyRwHSkL6ws5VXHEf8uY1liitysCVJjlmhaLG+IXLqhSaOO+t63coaso7yjwEzWZzLy8fJo06gZDVQM9Qg==",
      "dependencies": [
        "cbor-extract"
      ]
    },
    "cborg@1.10.2": {
      "integrity": "sha512-b3tFPA9pUr2zCUiCfRd2+wok2/LBSNUMKOuRRok+WlvvAgEt/PlbgPTsZUcwCOs53IJvLgTp0eotwtosE6njug=="
    },
    "content-disposition@0.5.4": {
      "integrity": "sha512-FveZTNuGw04cxlAiWbzi6zTAL/lhehaWbTtgluJh4/E95DqMwTmha3KZN1aAWA8cFIhHzMZUvLevkw5Rqk+tSQ==",
      "dependencies": [
        "safe-buffer"
      ]
    },
    "content-type@1.0.5": {
      "integrity": "sha512-nTjqfcBFEipKdXCv4YDQWCfmcLZKm81ldF0pAopTvyrFGVbcR6P/VAAd5G7N+0tTr8QqiU0tFadD6FK4NtJwOA=="
    },
    "cookie-signature@1.0.6": {
      "integrity": "sha512-QADzlaHc8icV8I7vbaJXJwod9HWYp8uCqf1xa4OfNu1T7JVxQIrUgOWtHdNDtPiywmFbiS12VjotIXLrKM3orQ=="
    },
    "cookie@0.7.1": {
      "integrity": "sha512-6DnInpx7SJ2AK3+CTUE/ZM0vWTUboZCegxhC2xiIydHR9jNuTAASBrfEpHhiGOZw/nX51bHt6YQl8jsGo4y/0w=="
    },
    "cookie@0.7.2": {
      "integrity": "sha512-yki5XnKuf750l50uGTllt6kKILY4nQ1eNIQatoXEByZ5dWgnKqbnqmTrBE5B4N7lrMJKQ2ytWMiTO2o0v6Ew/w=="
    },
    "debug@2.6.9": {
      "integrity": "sha512-bC7ElrdJaJnPbAP+1EotYvqZsb3ecl5wi6Bfi6BJTUcNowp6cvspg0jXznRTKDjm/E7AdgFBVeAPVMNcKGsHMA==",
      "dependencies": [
        "ms@2.0.0"
      ]
    },
    "depd@2.0.0": {
      "integrity": "sha512-g7nH6P6dyDioJogAAGprGpCtVImJhpPk/roCzdb3fIh61/s/nPsfR6onyMwkCAR/OlC3yBC0lESvUoQEAssIrw=="
    },
    "destroy@1.2.0": {
      "integrity": "sha512-2sJGJTaXIIaR1w4iJSNoN0hnMY7Gpc/n8D4qSCJw8QqFWXf7cuAgnEHxBpweaVcPevC2l3KpjYCx3NypQQgaJg=="
    },
    "detect-libc@2.0.3": {
      "integrity": "sha512-bwy0MGW55bG41VqxxypOsdSdGqLwXPI/focwgTYCFMbdUiBAxLg9CFzG08sz2aqzknwiX7Hkl0bQENjg8iLByw=="
    },
    "dunder-proto@1.0.1": {
      "integrity": "sha512-KIN/nDJBQRcXw0MLVhZE9iQHmG68qAVIBg9CqmUYjmQIhgij9U5MFvrqkUL5FbtyyzZuOeOt0zdeRe4UY7ct+A==",
      "dependencies": [
        "call-bind-apply-helpers",
        "es-errors",
        "gopd"
      ]
    },
    "ee-first@1.1.1": {
      "integrity": "sha512-WMwm9LhRUo+WUaRN+vRuETqG89IgZphVSNkdFgeb6sS/E4OrDIN7t48CAewSHXc6C8lefD8KKfr5vY61brQlow=="
    },
    "encodeurl@1.0.2": {
      "integrity": "sha512-TPJXq8JqFaVYm2CWmPvnP2Iyo4ZSM7/QKcSmuMLDObfpH5fi7RUGmd/rTDf+rut/saiDiQEeVTNgAmJEdAOx0w=="
    },
    "encodeurl@2.0.0": {
      "integrity": "sha512-Q0n9HRi4m6JuGIV1eFlmvJB7ZEVxu93IrMyiMsGC0lrMJMWzRgx6WGquyfQgZVb31vhGgXnfmPNNXmxnOkRBrg=="
    },
    "es-define-property@1.0.1": {
      "integrity": "sha512-e3nRfgfUZ4rNGL232gUgX06QNyyez04KdjFrF+LTRoOXmrOgFKDg4BCdsjW8EnT69eqdYGmRpJwiPVYNrCaW3g=="
    },
    "es-errors@1.3.0": {
      "integrity": "sha512-Zf5H2Kxt2xjTvbJvP2ZWLEICxA6j+hAmMzIlypy4xcBg1vKVnx89Wy0GbS+kf5cwCVFFzdCFh2XSCFNULS6csw=="
    },
    "es-object-atoms@1.0.0": {
      "integrity": "sha512-MZ4iQ6JwHOBQjahnjwaC1ZtIBH+2ohjamzAO3oaHcXYup7qxjF2fixyH+Q71voWHeOkI2q/TnJao/KfXYIZWbw==",
      "dependencies": [
        "es-errors"
      ]
    },
    "escape-html@1.0.3": {
      "integrity": "sha512-NiSupZ4OeuGwr68lGIeym/ksIZMJodUGOSCZ/FSnTxcrekbvqrgdUxlJOMpijaKZVjAJrWrGs/6Jy8OMuyj9ow=="
    },
    "etag@1.8.1": {
      "integrity": "sha512-aIL5Fx7mawVa300al2BnEE4iNvo1qETxLrPI/o05L7z6go7fCw1J6EQmbK4FmJ2AS7kgVF/KEZWufBfdClMcPg=="
    },
    "event-target-shim@5.0.1": {
      "integrity": "sha512-i/2XbnSz/uxRCU6+NdVJgKWDTM427+MqYbkQzD321DuCQJUqOuJKIA0IM2+W2xtYHdKOmZ4dR6fExsd4SXL+WQ=="
    },
    "event-target-shim@6.0.2": {
      "integrity": "sha512-8q3LsZjRezbFZ2PN+uP+Q7pnHUMmAOziU2vA2OwoFaKIXxlxl38IylhSSgUorWu/rf4er67w0ikBqjBFk/pomA=="
    },
    "eventemitter3@4.0.7": {
      "integrity": "sha512-8guHBZCwKnFhYdHr2ysuRWErTwhoN2X8XELRlrRwpmfeY2jjuUN4taQMsULKUVo1K4DvZl+0pgfyoysHxvmvEw=="
    },
    "events@3.3.0": {
      "integrity": "sha512-mQw+2fkQbALzQ7V0MY0IqdnXNOeTtP4r0lN9z7AAawCXgqea7bDii20AYrIBrFd/Hx0M2Ocz6S111CaFkUcb0Q=="
    },
    "express@4.21.2": {
      "integrity": "sha512-28HqgMZAmih1Czt9ny7qr6ek2qddF4FclbMzwhCREB6OFfH+rXAnuNCwo1/wFvrtbgsQDb4kSbX9de9lFbrXnA==",
      "dependencies": [
        "accepts",
        "array-flatten",
        "body-parser",
        "content-disposition",
        "content-type",
        "cookie@0.7.1",
        "cookie-signature",
        "debug",
        "depd",
        "encodeurl@2.0.0",
        "escape-html",
        "etag",
        "finalhandler",
        "fresh",
        "http-errors",
        "merge-descriptors",
        "methods",
        "on-finished",
        "parseurl",
        "path-to-regexp",
        "proxy-addr",
        "qs",
        "range-parser",
        "safe-buffer",
        "send",
        "serve-static",
        "setprototypeof",
        "statuses",
        "type-is",
        "utils-merge",
        "vary"
      ]
    },
    "fast-redact@3.5.0": {
      "integrity": "sha512-dwsoQlS7h9hMeYUq1W++23NDcBLV4KqONnITDV9DjfS3q1SgDGVrBdvvTLUotWtPSD7asWDV9/CmsZPy8Hf70A=="
    },
    "finalhandler@1.3.1": {
      "integrity": "sha512-6BN9trH7bp3qvnrRyzsBz+g3lZxTNZTbVO2EV1CS0WIcDbawYVdYvGflME/9QP0h0pYlCDBCTjYa9nZzMDpyxQ==",
      "dependencies": [
        "debug",
        "encodeurl@2.0.0",
        "escape-html",
        "on-finished",
        "parseurl",
        "statuses",
        "unpipe"
      ]
    },
    "forwarded@0.2.0": {
      "integrity": "sha512-buRG0fpBtRHSTCOASe6hD258tEubFoRLb4ZNA6NxMVHNw2gOcwHo9wyablzMzOA5z9xA9L1KNjk/Nt6MT9aYow=="
    },
    "fresh@0.5.2": {
      "integrity": "sha512-zJ2mQYM18rEFOudeV4GShTGIQ7RbzA7ozbU9I/XBpm7kqgMywgmylMwXHxZJmkVoYkna9d2pVXVXPdYTP9ej8Q=="
    },
    "function-bind@1.1.2": {
      "integrity": "sha512-7XHNxH7qX9xG5mIwxkhumTox/MIRNcOgDrxWsMt2pAr23WHp6MrRlN7FBSFpCpr+oVO0F744iUgR82nJMfG2SA=="
    },
    "get-intrinsic@1.2.7": {
      "integrity": "sha512-VW6Pxhsrk0KAOqs3WEd0klDiF/+V7gQOpAvY1jVU/LHmaD/kQO4523aiJuikX/QAKYiW6x8Jh+RJej1almdtCA==",
      "dependencies": [
        "call-bind-apply-helpers",
        "es-define-property",
        "es-errors",
        "es-object-atoms",
        "function-bind",
        "get-proto",
        "gopd",
        "has-symbols",
        "hasown",
        "math-intrinsics"
      ]
    },
    "get-proto@1.0.1": {
      "integrity": "sha512-sTSfBjoXBp89JvIKIefqw7U2CCebsc74kiY6awiGogKtoSGbgjYE/G/+l9sF3MWFPNc9IcoOC4ODfKHfxFmp0g==",
      "dependencies": [
        "dunder-proto",
        "es-object-atoms"
      ]
    },
    "gopd@1.2.0": {
      "integrity": "sha512-ZUKRh6/kUFoAiTAtTYPZJ3hw9wNxx+BIBOijnlG9PnrJsCcSjs1wyyD6vJpaYtgnzDrKYRSqf3OO6Rfa93xsRg=="
    },
    "graphemer@1.4.0": {
      "integrity": "sha512-EtKwoO6kxCL9WO5xipiHTZlSzBm7WLT627TqC/uVRd0HKmq8NXyebnNYxDoBi7wt8eTWrUrKXCOVaFq9x1kgag=="
    },
    "has-symbols@1.1.0": {
      "integrity": "sha512-1cDNdwJ2Jaohmb3sg4OmKaMBwuC48sYni5HUw2DvsC8LjGTLK9h+eb1X6RyuOHe4hT0ULCW68iomhjUoKUqlPQ=="
    },
    "hasown@2.0.2": {
      "integrity": "sha512-0hJU9SCPvmMzIBdZFqNPXWa6dqh7WdH0cII9y+CyS8rG3nL48Bclra9HmKhVVUHyPWNH5Y7xDwAB7bfgSjkUMQ==",
      "dependencies": [
        "function-bind"
      ]
    },
    "http-errors@2.0.0": {
      "integrity": "sha512-FtwrG/euBzaEjYeRqOgly7G0qviiXoJWnvEH2Z1plBdXgbyjv34pHTSb9zoeHMyDy33+DWy5Wt9Wo+TURtOYSQ==",
      "dependencies": [
        "depd",
        "inherits",
        "setprototypeof",
        "statuses",
        "toidentifier"
      ]
    },
    "iconv-lite@0.4.24": {
      "integrity": "sha512-v3MXnZAcvnywkTUEZomIActle7RXXeedOR31wwl7VlyoXO4Qi9arvSenNQWne1TcRwhCL1HwLI21bEqdpj8/rA==",
      "dependencies": [
        "safer-buffer"
      ]
    },
    "ieee754@1.2.1": {
      "integrity": "sha512-dcyqhDvX1C46lXZcVqCpK+FtMRQVdIMN6/Df5js2zouUsqG7I6sFxitIC+7KYK29KdXOLHdu9zL4sFnoVQnqaA=="
    },
    "inherits@2.0.4": {
      "integrity": "sha512-k/vGaX4/Yla3WzyMCvTQOXYeIHvqOKtnqBduzTHpzpQZzAskKMhZ2K+EnBiSM9zGSoIFeMpXKxa4dYeZIQqewQ=="
    },
    "ipaddr.js@1.9.1": {
      "integrity": "sha512-0KI/607xoxSToH7GjN1FfSbLoU0+btTicjsQSWQlh/hZykN8KpmMf7uYwPW3R+akZ6R/w18ZlXSHBYXiYUPO3g=="
    },
    "iron-session@8.0.4": {
      "integrity": "sha512-9ivNnaKOd08osD0lJ3i6If23GFS2LsxyMU8Gf/uBUEgm8/8CC1hrrCHFDpMo3IFbpBgwoo/eairRsaD3c5itxA==",
      "dependencies": [
        "cookie@0.7.2",
        "iron-webcrypto",
        "uncrypto"
      ]
    },
    "iron-webcrypto@1.2.1": {
      "integrity": "sha512-feOM6FaSr6rEABp/eDfVseKyTMDt+KGpeB35SkVn9Tyn0CqvVsY3EwI0v5i8nMHyJnzCIQf7nsy3p41TPkJZhg=="
    },
    "iso-datestring-validator@2.2.2": {
      "integrity": "sha512-yLEMkBbLZTlVQqOnQ4FiMujR6T4DEcCb1xizmvXS+OxuhwcbtynoosRzdMA69zZCShCNAbi+gJ71FxZBBXx1SA=="
    },
    "lru-cache@10.4.3": {
      "integrity": "sha512-JNAzZcXrCt42VGLuYz0zfAzDfAvJWW6AfYlDBQyDV5DClI2m5sAmK+OIO7s59XfsRsWHp02jAJrRadPRGTt6SQ=="
    },
    "math-intrinsics@1.1.0": {
      "integrity": "sha512-/IXtbwEk5HTPyEwyKX6hGkYXxM9nbj64B+ilVJnC/R6B0pH5G4V3b0pVbL7DBj4tkhBAppbQUlf6F6Xl9LHu1g=="
    },
    "media-typer@0.3.0": {
      "integrity": "sha512-dq+qelQ9akHpcOl/gUVRTxVIOkAJ1wR3QAvb4RsVjS8oVoFjDGTc679wJYmUmknUF5HwMLOgb5O+a3KxfWapPQ=="
    },
    "merge-descriptors@1.0.3": {
      "integrity": "sha512-gaNvAS7TZ897/rVaZ0nMtAyxNyi/pdbjbAwUpFQpN70GqnVfOiXpeUUMKRBmzXaSQ8DdTX4/0ms62r2K+hE6mQ=="
    },
    "methods@1.1.2": {
      "integrity": "sha512-iclAHeNqNm68zFtnZ0e+1L2yUIdvzNoauKU4WBA3VvH/vPFieF7qfRlwUZU+DA9P9bPXIS90ulxoUoCH23sV2w=="
    },
    "mime-db@1.52.0": {
      "integrity": "sha512-sPU4uV7dYlvtWJxwwxHD0PuihVNiE7TyAbQ5SWxDCB9mUYvOgroQOwYQQOKPJ8CIbE+1ETVlOoK1UC2nU3gYvg=="
    },
    "mime-types@2.1.35": {
      "integrity": "sha512-ZDY+bPm5zTTF+YpCrAU9nK0UgICYPT0QtT1NZWFv4s++TNkcgVaT0g6+4R2uI4MjQjzysHB1zxuWL50hzaeXiw==",
      "dependencies": [
        "mime-db"
      ]
    },
    "mime@1.6.0": {
      "integrity": "sha512-x0Vn8spI+wuJ1O6S7gnbaQg8Pxh4NNHb7KSINmEWKiPE4RKOplvijn+NkmYmmRgP68mc70j2EbeTFRsrswaQeg=="
    },
    "ms@2.0.0": {
      "integrity": "sha512-Tpp60P6IUJDTuOq/5Z8cdskzJujfwqfOTkrwIwj7IRISpnkJnT6SyJ4PCPnGMoFjC9ddhal5KVIYtAt97ix05A=="
    },
    "ms@2.1.3": {
      "integrity": "sha512-6FlzubTLZG3J2a/NVCAleEhjzq5oxgHyaCU9yYXvcLsvoVaHJq/s5xXI6/XXP6tz7R9xAOtHnSO/tXtF3WRTlA=="
    },
    "multiformats@9.9.0": {
      "integrity": "sha512-HoMUjhH9T8DDBNT+6xzkrd9ga/XiBI4xLr58LJACwK6G3HTOPeMz4nB4KJs33L2BelrIJa7P0VuNaVF3hMYfjg=="
    },
    "negotiator@0.6.3": {
      "integrity": "sha512-+EUsqGPLsM+j/zdChZjsnX51g4XrHFOIXwfnCVPGlQk/k5giakcKsuxCObBRu6DSm9opw/O6slWbJdghQM4bBg=="
    },
    "node-gyp-build-optional-packages@5.1.1": {
      "integrity": "sha512-+P72GAjVAbTxjjwUmwjVrqrdZROD4nf8KgpBoDxqXXTiYZZt/ud60dE5yvCSr9lRO8e8yv6kgJIC0K0PfZFVQw==",
      "dependencies": [
        "detect-libc"
      ]
    },
    "object-inspect@1.13.3": {
      "integrity": "sha512-kDCGIbxkDSXE3euJZZXzc6to7fCrKHNI/hSRQnRuQ+BWjFNzZwiFF8fj/6o2t2G9/jTj8PSIYTfCLelLZEeRpA=="
    },
    "on-exit-leak-free@2.1.2": {
      "integrity": "sha512-0eJJY6hXLGf1udHwfNftBqH+g73EU4B504nZeKpz1sYRKafAghwxEJunB2O7rDZkL4PGfsMVnTXZ2EjibbqcsA=="
    },
    "on-finished@2.4.1": {
      "integrity": "sha512-oVlzkg3ENAhCk2zdv7IJwd/QUD4z2RxRwpkcGY8psCVcCYZNq4wYnVWALHM+brtuJjePWiYF/ClmuDr8Ch5+kg==",
      "dependencies": [
        "ee-first"
      ]
    },
    "p-finally@1.0.0": {
      "integrity": "sha512-LICb2p9CB7FS+0eR1oqWnHhp0FljGLZCWBE9aix0Uye9W8LTQPwMTYVGWQWIw9RdQiDg4+epXQODwIYJtSJaow=="
    },
    "p-queue@6.6.2": {
      "integrity": "sha512-RwFpb72c/BhQLEXIZ5K2e+AhgNVmIejGlTgiB9MzZ0e93GRvqZ7uSi0dvRF7/XIXDeNkra2fNHBxTyPDGySpjQ==",
      "dependencies": [
        "eventemitter3",
        "p-timeout"
      ]
    },
    "p-timeout@3.2.0": {
      "integrity": "sha512-rhIwUycgwwKcP9yTOOFK/AKsAopjjCakVqLHePO3CC6Mir1Z99xT+R63jZxAT5lFZLa2inS5h+ZS2GvR99/FBg==",
      "dependencies": [
        "p-finally"
      ]
    },
    "parseurl@1.3.3": {
      "integrity": "sha512-CiyeOxFT/JZyN5m0z9PfXw4SCBJ6Sygz1Dpl0wqjlhDEGGBP1GnsUVEL0p63hoG1fcj3fHynXi9NYO4nWOL+qQ=="
    },
    "partysocket@1.0.3": {
      "integrity": "sha512-7sSojS4oCRK1Fe1h+Sa0Za5dwOf+M9VksQlynD8yqwGpLvnO4oxx9ppmOSeh6CJTMbF5gbnvUQKMK525QSBdBw==",
      "dependencies": [
        "event-target-shim@6.0.2"
      ]
    },
    "path-to-regexp@0.1.12": {
      "integrity": "sha512-RA1GjUVMnvYFxuqovrEqZoxxW5NUZqbwKtYz/Tt7nXerk0LbLblQmrsgdeOxV5SFHf0UDggjS/bSeOZwt1pmEQ=="
    },
    "pino-abstract-transport@1.2.0": {
      "integrity": "sha512-Guhh8EZfPCfH+PMXAb6rKOjGQEoy0xlAIn+irODG5kgfYV+BQ0rGYYWTIel3P5mmyXqkYkPmdIkywsn6QKUR1Q==",
      "dependencies": [
        "readable-stream",
        "split2"
      ]
    },
    "pino-std-serializers@6.2.2": {
      "integrity": "sha512-cHjPPsE+vhj/tnhCy/wiMh3M3z3h/j15zHQX+S9GkTBgqJuTuJzYJ4gUyACLhDaJ7kk9ba9iRDmbH2tJU03OiA=="
    },
    "pino@8.21.0": {
      "integrity": "sha512-ip4qdzjkAyDDZklUaZkcRFb2iA118H9SgRh8yzTkSQK8HilsOJF7rSY8HoW5+I0M46AZgX/pxbprf2vvzQCE0Q==",
      "dependencies": [
        "atomic-sleep",
        "fast-redact",
        "on-exit-leak-free",
        "pino-abstract-transport",
        "pino-std-serializers",
        "process-warning",
        "quick-format-unescaped",
        "real-require",
        "safe-stable-stringify",
        "sonic-boom",
        "thread-stream"
      ]
    },
    "process-warning@3.0.0": {
      "integrity": "sha512-mqn0kFRl0EoqhnL0GQ0veqFHyIN1yig9RHh/InzORTUiZHFRAur+aMtRkELNwGs9aNwKS6tg/An4NYBPGwvtzQ=="
    },
    "process@0.11.10": {
      "integrity": "sha512-cdGef/drWFoydD1JsMzuFf8100nZl+GT+yacc2bEced5f9Rjk4z+WtFUTBu9PhOi9j/jfmBPu0mMEY4wIdAF8A=="
    },
    "proxy-addr@2.0.7": {
      "integrity": "sha512-llQsMLSUDUPT44jdrU/O37qlnifitDP+ZwrmmZcoSKyLKvtZxpyV0n2/bD/N4tBAAZ/gJEdZU7KMraoK1+XYAg==",
      "dependencies": [
        "forwarded",
        "ipaddr.js"
      ]
    },
    "qs@6.13.0": {
      "integrity": "sha512-+38qI9SOr8tfZ4QmJNplMUxqjbe7LKvvZgWdExBOmd+egZTtjLB67Gu0HRX3u/XOq7UU2Nx6nsjvS16Z9uwfpg==",
      "dependencies": [
        "side-channel"
      ]
    },
    "quick-format-unescaped@4.0.4": {
      "integrity": "sha512-tYC1Q1hgyRuHgloV/YXs2w15unPVh8qfu/qCTfhTYamaw7fyhumKa2yGpdSo87vY32rIclj+4fWYQXUMs9EHvg=="
    },
    "range-parser@1.2.1": {
      "integrity": "sha512-Hrgsx+orqoygnmhFbKaHE6c296J+HTAQXoxEF6gNupROmmGJRoyzfG3ccAveqCBrwr/2yxQ5BVd/GTl5agOwSg=="
    },
    "rate-limiter-flexible@2.4.2": {
      "integrity": "sha512-rMATGGOdO1suFyf/mI5LYhts71g1sbdhmd6YvdiXO2gJnd42Tt6QS4JUKJKSWVVkMtBacm6l40FR7Trjo6Iruw=="
    },
    "raw-body@2.5.2": {
      "integrity": "sha512-8zGqypfENjCIqGhgXToC8aB2r7YrBX+AQAfIPs/Mlk+BtPTztOvTS01NRW/3Eh60J+a48lt8qsCzirQ6loCVfA==",
      "dependencies": [
        "bytes",
        "http-errors",
        "iconv-lite",
        "unpipe"
      ]
    },
    "readable-stream@4.7.0": {
      "integrity": "sha512-oIGGmcpTLwPga8Bn6/Z75SVaH1z5dUut2ibSyAMVhmUggWpmDn2dapB0n7f8nwaSiRtepAsfJyfXIO5DCVAODg==",
      "dependencies": [
        "abort-controller",
        "buffer",
        "events",
        "process",
        "string_decoder"
      ]
    },
    "real-require@0.2.0": {
      "integrity": "sha512-57frrGM/OCTLqLOAh0mhVA9VBMHd+9U7Zb2THMGdBUoZVOtGbJzjxsYGDJ3A9AYYCP4hn6y1TVbaOfzWtm5GFg=="
    },
    "safe-buffer@5.2.1": {
      "integrity": "sha512-rp3So07KcdmmKbGvgaNxQSJr7bGVSVk5S9Eq1F+ppbRo70+YeaDxkw5Dd8NPN+GD6bjnYm2VuPuCXmpuYvmCXQ=="
    },
    "safe-stable-stringify@2.5.0": {
      "integrity": "sha512-b3rppTKm9T+PsVCBEOUR46GWI7fdOs00VKZ1+9c1EWDaDMvjQc6tUwuFyIprgGgTcWoVHSKrU8H31ZHA2e0RHA=="
    },
    "safer-buffer@2.1.2": {
      "integrity": "sha512-YZo3K82SD7Riyi0E1EQPojLz7kpepnSQI9IyPbHHg1XXXevb5dJI7tpyN2ADxGcQbHG7vcyRHk0cbwqcQriUtg=="
    },
    "send@0.19.0": {
      "integrity": "sha512-dW41u5VfLXu8SJh5bwRmyYUbAoSB3c9uQh6L8h/KtsFREPWpbX1lrljJo186Jc4nmci/sGUZ9a0a0J2zgfq2hw==",
      "dependencies": [
        "debug",
        "depd",
        "destroy",
        "encodeurl@1.0.2",
        "escape-html",
        "etag",
        "fresh",
        "http-errors",
        "mime",
        "ms@2.1.3",
        "on-finished",
        "range-parser",
        "statuses"
      ]
    },
    "serve-static@1.16.2": {
      "integrity": "sha512-VqpjJZKadQB/PEbEwvFdO43Ax5dFBZ2UECszz8bQ7pi7wt//PWe1P6MN7eCnjsatYtBT6EuiClbjSWP2WrIoTw==",
      "dependencies": [
        "encodeurl@2.0.0",
        "escape-html",
        "parseurl",
        "send"
      ]
    },
    "setprototypeof@1.2.0": {
      "integrity": "sha512-E5LDX7Wrp85Kil5bhZv46j8jOeboKq5JMmYM3gVGdGH8xFpPWXUMsNrlODCrkoxMEeNi/XZIwuRvY4XNwYMJpw=="
    },
    "side-channel-list@1.0.0": {
      "integrity": "sha512-FCLHtRD/gnpCiCHEiJLOwdmFP+wzCmDEkc9y7NsYxeF4u7Btsn1ZuwgwJGxImImHicJArLP4R0yX4c2KCrMrTA==",
      "dependencies": [
        "es-errors",
        "object-inspect"
      ]
    },
    "side-channel-map@1.0.1": {
      "integrity": "sha512-VCjCNfgMsby3tTdo02nbjtM/ewra6jPHmpThenkTYh8pG9ucZ/1P8So4u4FGBek/BjpOVsDCMoLA/iuBKIFXRA==",
      "dependencies": [
        "call-bound",
        "es-errors",
        "get-intrinsic",
        "object-inspect"
      ]
    },
    "side-channel-weakmap@1.0.2": {
      "integrity": "sha512-WPS/HvHQTYnHisLo9McqBHOJk2FkHO/tlpvldyrnem4aeQp4hai3gythswg6p01oSoTl58rcpiFAjF2br2Ak2A==",
      "dependencies": [
        "call-bound",
        "es-errors",
        "get-intrinsic",
        "object-inspect",
        "side-channel-map"
      ]
    },
    "side-channel@1.1.0": {
      "integrity": "sha512-ZX99e6tRweoUXqR+VBrslhda51Nh5MTQwou5tnUDgbtyM0dBgmhEDtWGP/xbKn6hqfPRHujUNwz5fy/wbbhnpw==",
      "dependencies": [
        "es-errors",
        "object-inspect",
        "side-channel-list",
        "side-channel-map",
        "side-channel-weakmap"
      ]
    },
    "sonic-boom@3.8.1": {
      "integrity": "sha512-y4Z8LCDBuum+PBP3lSV7RHrXscqksve/bi0as7mhwVnBW+/wUqKT/2Kb7um8yqcFy0duYbbPxzt89Zy2nOCaxg==",
      "dependencies": [
        "atomic-sleep"
      ]
    },
    "split2@4.2.0": {
      "integrity": "sha512-UcjcJOWknrNkF6PLX83qcHM6KHgVKNkV62Y8a5uYDVv9ydGQVwAHMKqHdJje1VTWpljG0WYpCDhrCdAOYH4TWg=="
    },
    "statuses@2.0.1": {
      "integrity": "sha512-RwNA9Z/7PrK06rYLIzFMlaF+l73iwpzsqRIFgbMLbTcLD6cOao82TaWefPXQvB2fOC4AjuYSEndS7N/mTCbkdQ=="
    },
    "string_decoder@1.3.0": {
      "integrity": "sha512-hkRX8U1WjJFd8LsDJ2yQ/wWWxaopEsABU1XfkM8A+j0+85JAGppt16cr1Whg6KIbb4okU6Mql6BOj+uup/wKeA==",
      "dependencies": [
        "safe-buffer"
      ]
    },
    "thread-stream@2.7.0": {
      "integrity": "sha512-qQiRWsU/wvNolI6tbbCKd9iKaTnCXsTwVxhhKM6nctPdujTyztjlbUkUTUymidWcMnZ5pWR0ej4a0tjsW021vw==",
      "dependencies": [
        "real-require"
      ]
    },
    "tlds@1.255.0": {
      "integrity": "sha512-tcwMRIioTcF/FcxLev8MJWxCp+GUALRhFEqbDoZrnowmKSGqPrl5pqS+Sut2m8BgJ6S4FExCSSpGffZ0Tks6Aw=="
    },
    "toidentifier@1.0.1": {
      "integrity": "sha512-o5sSPKEkg/DIQNmH43V0/uerLrpzVedkUh8tGNvaeXpfpuwjKenlSox/2O/BTlZUtEe+JG7s5YhEz608PlAHRA=="
    },
    "type-is@1.6.18": {
      "integrity": "sha512-TkRKr9sUTxEH8MdfuCSP7VizJyzRNMjj2J2do2Jr3Kym598JVdEksuzPQCnlFPW4ky9Q+iA+ma9BGm06XQBy8g==",
      "dependencies": [
        "media-typer",
        "mime-types"
      ]
    },
    "uint8arrays@3.0.0": {
      "integrity": "sha512-HRCx0q6O9Bfbp+HHSfQQKD7wU70+lydKVt4EghkdOvlK/NlrF90z+eXV34mUd48rNvVJXwkrMSPpCATkct8fJA==",
      "dependencies": [
        "multiformats"
      ]
    },
    "uncrypto@0.1.3": {
      "integrity": "sha512-Ql87qFHB3s/De2ClA9e0gsnS6zXG27SkTiSJwjCc9MebbfapQfuPzumMIUMi38ezPZVNFcHI9sUIepeQfw8J8Q=="
    },
    "undici-types@6.19.8": {
      "integrity": "sha512-ve2KP6f/JnbPBFyobGHuerC9g1FYGn/F8n1LWTwNxCEzd6IfqTwUQcNXgEtmmQ6DlRrC1hrSrBnCZPokRrDHjw=="
    },
    "unpipe@1.0.0": {
      "integrity": "sha512-pjy2bYhSsufwWlKwPc+l3cN7+wuJlK6uz0YdJEOlQDbl6jo/YlPi4mb8agUkVC8BF7V8NuzeyPNqRksA3hztKQ=="
    },
    "utils-merge@1.0.1": {
      "integrity": "sha512-pMZTvIkT1d+TFGvDOqodOclx0QWkkgi6Tdoa8gC8ffGAAqz9pzPTZWAybbsHHoED/ztMtkv/VoYTYyShUn81hA=="
    },
    "varint@6.0.0": {
      "integrity": "sha512-cXEIW6cfr15lFv563k4GuVuW/fiwjknytD37jIOLSdSWuOI6WnO/oKwmP2FQTU2l01LP8/M5TSAJpzUaGe3uWg=="
    },
    "vary@1.1.2": {
      "integrity": "sha512-BNGbWLfd0eUPabhkXUVm0j8uuvREyTh5ovRa/dyow/BqAbZJyC+5fU+IzQOzmAKzYqYRAISoRhdQr3eIZ/PXqg=="
    },
    "ws@8.18.0": {
      "integrity": "sha512-8VbfWfHLbbwu3+N6OKsOMpBdT4kXPDDB9cJk2bJ6mh9ucxdlnNvH1e+roYkKmN9Nxw2yjz7VzeO9oOz2zJ04Pw=="
    },
    "zod@3.24.1": {
      "integrity": "sha512-muH7gBL9sI1nciMZV67X5fTKKBLtwpZ5VBp1vsOQzj1MhrBZ4wlVCm3gedKZWLp0Oyel8sIGfeiz54Su+OVT+A=="
    }
  },
  "remote": {
    "https://deno.land/x/jose@v5.9.6/index.ts": "e6e894e8c2b3a11c4071ee1008eb7d85a373ff68b5fbe5d7791d7384cfdee523",
    "https://deno.land/x/jose@v5.9.6/jwe/compact/decrypt.ts": "43c80cb2dd0545df1b0aed37b710e0c02cd58781236eb0426fa2dd65bf250d8f",
    "https://deno.land/x/jose@v5.9.6/jwe/compact/encrypt.ts": "b3be13ddddea2ea638cf188cbe1c1572085edd84f7d657cdd488dbba7c2a86c7",
    "https://deno.land/x/jose@v5.9.6/jwe/flattened/decrypt.ts": "69ac436e2880b0cf03dfcddb38f24b862cab568c900fd5ec965561ae9aa3224d",
    "https://deno.land/x/jose@v5.9.6/jwe/flattened/encrypt.ts": "0f2b4245b3fec9f7b55748f8b7d430d397aecb4884a858f0d5ce618a8d601e31",
    "https://deno.land/x/jose@v5.9.6/jwe/general/decrypt.ts": "115e034ffffa542dc4bc361f33cc1550a5d3d1c301d02c9785b2410c5008c40e",
    "https://deno.land/x/jose@v5.9.6/jwe/general/encrypt.ts": "40efbe7f473f21933eba57aba133ab16df8e153d96946b6ede62572146970cd4",
    "https://deno.land/x/jose@v5.9.6/jwk/embedded.ts": "9235337249f10a04a046a02897e0db4be8244fc731ac0638f4ad5c091280b58c",
    "https://deno.land/x/jose@v5.9.6/jwk/thumbprint.ts": "362b6d36a716f569ac3f6a97bb41a7fb3265f971d5563f05cca73ce03432e42a",
    "https://deno.land/x/jose@v5.9.6/jwks/local.ts": "2a948310bc9c534c3c044d52f8cf015fc7075bf8e7e845950fa578bd77d51f2e",
    "https://deno.land/x/jose@v5.9.6/jwks/remote.ts": "948c451ebde9978628a7f6e543ef0827584ee2b434d1360d6964776f41be3094",
    "https://deno.land/x/jose@v5.9.6/jws/compact/sign.ts": "112b4904316458c7d8cfef48309eefe977b9720d061f81477a7c72247a4f8821",
    "https://deno.land/x/jose@v5.9.6/jws/compact/verify.ts": "37cdbe53267550b236344e4e7d7bf1dfd94fd1887fd785110d4cf88a4aa93408",
    "https://deno.land/x/jose@v5.9.6/jws/flattened/sign.ts": "bbdeafd7d00873ad032a9136e770897ab202cce5ed5cef249470a2faf4ad0fe4",
    "https://deno.land/x/jose@v5.9.6/jws/flattened/verify.ts": "4f4124773f97c6a0ddf7f84d5a28e0c39e10daf033ddd9c7287891c2403e2484",
    "https://deno.land/x/jose@v5.9.6/jws/general/sign.ts": "5b977a752ea0261af76608aad8fbcc7ccc9302c62aae8da9dbfead3080ae4515",
    "https://deno.land/x/jose@v5.9.6/jws/general/verify.ts": "134aeb53aa8e6fdbf1cb38a6cc2f4d40eafa3ea5e465d05ea250c24e3b190922",
    "https://deno.land/x/jose@v5.9.6/jwt/decrypt.ts": "62e9ff765afea505d325d8aec61e70c2a3e75d0f56dc53b020e42940ab5bd398",
    "https://deno.land/x/jose@v5.9.6/jwt/encrypt.ts": "0785771759eeaddf74e841cb7430c3af6d793bcef726ad46fb6047297c1cae1d",
    "https://deno.land/x/jose@v5.9.6/jwt/produce.ts": "4ec3e3966f6d1ce057159c0569a00aacfc2189b4a3c1c395ff992f673942b92c",
    "https://deno.land/x/jose@v5.9.6/jwt/sign.ts": "b3770b2c880935e0f3049dcbeecf940a1fade71609c4e7e6a51152dfa7bc3655",
    "https://deno.land/x/jose@v5.9.6/jwt/unsecured.ts": "4002917b0ec0e89962fc8c75edead3a1dc267944f6d51089bf753db8d9fd5b86",
    "https://deno.land/x/jose@v5.9.6/jwt/verify.ts": "0bdd020d3a06f387f42d63586817fc3bb4104830d9a74c87eb0a5bed2881245c",
    "https://deno.land/x/jose@v5.9.6/key/export.ts": "1edf905818bcfcbba02c7dd369caf6fb61b6e19d30d4e4d2cd01030ab90f8b2d",
    "https://deno.land/x/jose@v5.9.6/key/generate_key_pair.ts": "e841708aa07c95167b9f079f420311c22be837319ab0e7b70b68bdafdae2b4ea",
    "https://deno.land/x/jose@v5.9.6/key/generate_secret.ts": "3f1bb5f8ef4340f20da3464cc7d0258abcee28f6ee7c72626f7048cc7aaa8b2a",
    "https://deno.land/x/jose@v5.9.6/key/import.ts": "4cec770702f38a3883102776804b05414b7415105c48b9e41f201de08f3b9b5d",
    "https://deno.land/x/jose@v5.9.6/lib/aesgcmkw.ts": "6d307f6710b2879fdde07c8e39688ece9019f02170334aa216db4878fc7a6ac8",
    "https://deno.land/x/jose@v5.9.6/lib/buffer_utils.ts": "0b64941bf694bc810b2c917b61474be46c54854da76bb42b20f1642102542ff1",
    "https://deno.land/x/jose@v5.9.6/lib/cek.ts": "a474becfe1c2d86fbcf3a24cdcd96274beb8d61bd17926e5f345001f39df922b",
    "https://deno.land/x/jose@v5.9.6/lib/check_iv_length.ts": "118eb531167126c8421d71a21f2cfdc10a658c933e178b33395ef3e962c54f80",
    "https://deno.land/x/jose@v5.9.6/lib/check_key_type.ts": "633b9b7e08b913dfdb7a9dfdf224cb89e54849e35ca9b396603e898994f8ca51",
    "https://deno.land/x/jose@v5.9.6/lib/check_p2s.ts": "2f5549e121c43019ac85a3bb3fe8cb98a397122dcaa80f3cd8bf5fcf314e1f67",
    "https://deno.land/x/jose@v5.9.6/lib/crypto_key.ts": "b75ba81390a90ea741cf174117d96e7851b221ebd9b0dfb806061175c24aed4f",
    "https://deno.land/x/jose@v5.9.6/lib/decrypt_key_management.ts": "1996df67cfa015131cbf83dd1374852c78de9ee615a10e08fe7a0f9ec3d63811",
    "https://deno.land/x/jose@v5.9.6/lib/encrypt_key_management.ts": "e79354c3c2bdfeff07dd61e925de0aa1027f8d21e454c774d08c778e09edc269",
    "https://deno.land/x/jose@v5.9.6/lib/epoch.ts": "cd608f73f6c100e8156c6020ec2bce6757e01759793f0d6aab23908d3d2ea933",
    "https://deno.land/x/jose@v5.9.6/lib/format_pem.ts": "b5230682e7a89609238015b77f33afd248f3e0f69bcb5895eece2f86d83100f6",
    "https://deno.land/x/jose@v5.9.6/lib/invalid_key_input.ts": "b82cda3b49cf56806000a85343b005a05735b90e0886ce421a81c71d9088c375",
    "https://deno.land/x/jose@v5.9.6/lib/is_disjoint.ts": "a3f7ef698413700d0f268314fc879421c134460ced9538518e5feb3eb64d3efe",
    "https://deno.land/x/jose@v5.9.6/lib/is_jwk.ts": "cabe3150418db9082eafe083705d7e0b1a36a055eeae60f801fb7860813fdf93",
    "https://deno.land/x/jose@v5.9.6/lib/is_object.ts": "43549ddc51a3b3d4c22b953b191a961fbb61fb5081e8efb88ad075afa1f4d214",
    "https://deno.land/x/jose@v5.9.6/lib/iv.ts": "4766d9ad87b478bb7344094f38c8561181b72f8678edd1b5226d1e0f9ab677fc",
    "https://deno.land/x/jose@v5.9.6/lib/jwt_claims_set.ts": "6f3445f718e7d8519c2ba265a65c564feed4aab52bda860bae974756e826eb09",
    "https://deno.land/x/jose@v5.9.6/lib/private_symbols.ts": "54b4f384282e686c4484cd71249cea2edb860426c2b1927d94cb3438de9e64ca",
    "https://deno.land/x/jose@v5.9.6/lib/secs.ts": "40e09916007b3a393f20265ea84dc1df43974e86ec796ce0e5e6724f5917a2b8",
    "https://deno.land/x/jose@v5.9.6/lib/validate_algorithms.ts": "6b20f4b5f6935cd9edcd6eb2128226144ba792eaa7c47966c666a51baf1682eb",
    "https://deno.land/x/jose@v5.9.6/lib/validate_crit.ts": "b1214ae1413c969efdca2392c6feea9c3b92c531fc7e137c23397e0430421b86",
    "https://deno.land/x/jose@v5.9.6/runtime/aeskw.ts": "a32bc607d00031ecc42976b69f4e90d73cbac1bc465d1fbace373a8433105d72",
    "https://deno.land/x/jose@v5.9.6/runtime/asn1.ts": "013a633b824c18663c8c7f7ec8691bfe3dfef82ee58650de0c6d8ee26154bb6a",
    "https://deno.land/x/jose@v5.9.6/runtime/base64url.ts": "74ecb18b90de56bcc4424b6c911cfe49b56dd4a316978f5c8ee9a23560069636",
    "https://deno.land/x/jose@v5.9.6/runtime/bogus.ts": "4f1c967b0d9b4e7105e16ad8c173da55708f377ee5e201d8ee5fc613f3417f08",
    "https://deno.land/x/jose@v5.9.6/runtime/check_cek_length.ts": "2ee093fcb273602449ed7863ab6bd4dd2a7aeff99507e0573e3cd4b8d8099e5d",
    "https://deno.land/x/jose@v5.9.6/runtime/check_key_length.ts": "7d23fb5910f9ba10383ca0600b63620ff078c7be7788e0626ec1f215992b67be",
    "https://deno.land/x/jose@v5.9.6/runtime/decrypt.ts": "c53c80b90892b45f39d58e75a46f53032b131f2d9f5b6b74ddd215c79ca3ed8b",
    "https://deno.land/x/jose@v5.9.6/runtime/digest.ts": "cee73fad56ce596ffedc56811d174ab413e7981eb847eb67c0e77f213cc2ac2d",
    "https://deno.land/x/jose@v5.9.6/runtime/ecdhes.ts": "787c277cf841c89b462fc40cc05f5ddec9da89e9fc693cb3238936362c522ebd",
    "https://deno.land/x/jose@v5.9.6/runtime/encrypt.ts": "a5a89b21010d3dda51544020fe4b2ab0d5d91e10044490fccc1af3d5104e8547",
    "https://deno.land/x/jose@v5.9.6/runtime/fetch_jwks.ts": "34b71aa6bbd51984d1009792499ea17133dcb11bf2f2d8fba60e8090d900fc20",
    "https://deno.land/x/jose@v5.9.6/runtime/generate.ts": "62f49bc476267d6321eb63040eaeeabbc44ec9a6a10346f2c1238f86e00744cb",
    "https://deno.land/x/jose@v5.9.6/runtime/get_sign_verify_key.ts": "8e45cd5f6d5a3ae97013e849863b089b26a2a53fdfb613562a1025eaed201c8e",
    "https://deno.land/x/jose@v5.9.6/runtime/is_key_like.ts": "2380270e1ff76c2b481f50d8057a10bcc1f33962c0f5ab35dc90e236f036731d",
    "https://deno.land/x/jose@v5.9.6/runtime/jwk_to_key.ts": "5f26c13e737377e501b3817d51c4000fbdfb1736f2da924462a54400552af621",
    "https://deno.land/x/jose@v5.9.6/runtime/key_to_jwk.ts": "f101d297b1fc9269a9595231899dc06e29e195f6223543b8d4cf651f6559f0f3",
    "https://deno.land/x/jose@v5.9.6/runtime/normalize_key.ts": "6d25f61fbe4d756dfe390062dba6e73775092af62f0071170ebb3f71bb6fd5d2",
    "https://deno.land/x/jose@v5.9.6/runtime/pbes2kw.ts": "ad084eb8dd144df8fd5d7e0b824806e35475398be0d3871c2016c3c467e24b19",
    "https://deno.land/x/jose@v5.9.6/runtime/random.ts": "3e9c8d08208e5dc186ae659535f0018303ff3b56615335bf0dfb5904fe36aab7",
    "https://deno.land/x/jose@v5.9.6/runtime/rsaes.ts": "124b6e87d8569b39d6f550b371303c79e9eb28aa0d9b14025eeaffe50282c987",
    "https://deno.land/x/jose@v5.9.6/runtime/runtime.ts": "d748ecb0c1b57020d6f6c41b4458cce74b4d15ab919c38a0ec32d12cee7f5976",
    "https://deno.land/x/jose@v5.9.6/runtime/sign.ts": "1524f8855538ca5fd607cd681f804ba421b0ec58f562118f3c635324ba053f90",
    "https://deno.land/x/jose@v5.9.6/runtime/subtle_dsa.ts": "f66955982c3565bf9d8f80220bee5b5737654582b38ea187143cfe26a20e279a",
    "https://deno.land/x/jose@v5.9.6/runtime/subtle_rsaes.ts": "26147da83932ebf7266d69ddd408f269395de05ddde64ba4e1585571bb61bd93",
    "https://deno.land/x/jose@v5.9.6/runtime/timing_safe_equal.ts": "fc5b3f4132cec56630eac4677fef2b519707a9c6a257f8ae86515b0d86ff5f6b",
    "https://deno.land/x/jose@v5.9.6/runtime/verify.ts": "d391e2286b47485247b475016c66999f5146a1cf8331115385a9ba629251c15e",
    "https://deno.land/x/jose@v5.9.6/runtime/webcrypto.ts": "3365b7d62eaa7e6befe5e2f4f67aa7859805c41b87064433b6e70f94501aa36e",
    "https://deno.land/x/jose@v5.9.6/util/base64url.ts": "0e09492d36de17c3b40646486b3a31ae7ce060d1bfa7185a52f659aaffc3da0b",
    "https://deno.land/x/jose@v5.9.6/util/decode_jwt.ts": "a6347360591bd60b076d115fc231e3ecd84aef319922a6c6e94554e68863e3af",
    "https://deno.land/x/jose@v5.9.6/util/decode_protected_header.ts": "3412c8aacffee93148478f14a0ebb97b2ff060944f49dd233223d262f592ee36",
    "https://deno.land/x/jose@v5.9.6/util/errors.ts": "b7ecf22990ce73a42650fd09666fb7174fcd91eec387aa26b361269c8022220f",
    "https://deno.land/x/jose@v5.9.6/util/runtime.ts": "088cae7df0d285065f141d880c5c21a572234997082337d1125d7f1603059642"
  },
  "workspace": {
    "dependencies": [
      "jsr:@db/sqlite@0.12",
      "jsr:@hono/hono@^4.6.16",
      "jsr:@std/assert@^1.0.10",
      "npm:@atproto-labs/simple-store@~0.1.1",
      "npm:@atproto/api@~0.13.26",
      "npm:@atproto/common@~0.4.6",
      "npm:@atproto/identity@~0.4.5",
      "npm:@atproto/jwk@~0.1.1",
      "npm:@atproto/oauth-client@~0.3.6",
      "npm:@atproto/sync@~0.1.9",
      "npm:@skyware/jetstream@~0.2.2",
      "npm:iron-session@^8.0.4"
    ]
  }
}
